
Microsoft Visual Studio Solution File, Format Version 12.00
# Visual Studio Version 17
VisualStudioVersion = 17.2.32526.322
MinimumVisualStudioVersion = 10.0.40219.1
Project("{FAE04EC0-301F-11D3-BF4B-00C04F79EFBC}") = "CheckPoint01", "CheckPoint01\CheckPoint01.csproj", "{BC18896E-E1F9-40AE-A4D9-4587F4C16846}"
EndProject
Project("{FAE04EC0-301F-11D3-BF4B-00C04F79EFBC}") = "CheckPoint02", "CheckPoint02\CheckPoint02.csproj", "{374D1322-0213-4756-8F5F-8E516661C967}"
EndProject
Global
	GlobalSection(SolutionConfigurationPlatforms) = preSolution
		Debug|Any CPU = Debug|Any CPU
		Release|Any CPU = Release|Any CPU
	EndGlobalSection
	GlobalSection(ProjectConfigurationPlatforms) = postSolution
		{BC18896E-E1F9-40AE-A4D9-4587F4C16846}.Debug|Any CPU.ActiveCfg = Debug|Any CPU
		{BC18896E-E1F9-40AE-A4D9-4587F4C16846}.Debug|Any CPU.Build.0 = Debug|Any CPU
		{BC18896E-E1F9-40AE-A4D9-4587F4C16846}.Release|Any CPU.ActiveCfg = Release|Any CPU
		{BC18896E-E1F9-40AE-A4D9-4587F4C16846}.Release|Any CPU.Build.0 = Release|Any CPU
		{374D1322-0213-4756-8F5F-8E516661C967}.Debug|Any CPU.ActiveCfg = Debug|Any CPU
		{374D1322-0213-4756-8F5F-8E516661C967}.Debug|Any CPU.Build.0 = Debug|Any CPU
		{374D1322-0213-4756-8F5F-8E516661C967}.Release|Any CPU.ActiveCfg = Release|Any CPU
		{374D1322-0213-4756-8F5F-8E516661C967}.Release|Any CPU.Build.0 = Release|Any CPU
	EndGlobalSection
	GlobalSection(SolutionProperties) = preSolution
		HideSolutionNode = FALSE
	EndGlobalSection
	GlobalSection(ExtensibilityGlobals) = postSolution
		SolutionGuid = {E2E34780-0CBF-4B78-9C2B-143B5ABADFB7}
	EndGlobalSection
EndGlobal
