
Microsoft Visual Studio Solution File, Format Version 12.00
# Visual Studio Version 17
VisualStudioVersion = 17.2.32526.322
MinimumVisualStudioVersion = 10.0.40219.1
Project("{FAE04EC0-301F-11D3-BF4B-00C04F79EFBC}") = "01_2557", "01_2557\01_2557.csproj", "{D20C43D9-6DC2-4F99-9273-376987B86782}"
EndProject
Project("{FAE04EC0-301F-11D3-BF4B-00C04F79EFBC}") = "02_10718", "02_10718\02_10718.csproj", "{49FC651F-8659-4B8D-A8A6-51D5081C7D96}"
EndProject
Project("{FAE04EC0-301F-11D3-BF4B-00C04F79EFBC}") = "03_10171", "03_10171\03_10171.csproj", "{647D8B51-287E-4836-B92B-91050ADDC7FC}"
EndProject
Project("{FAE04EC0-301F-11D3-BF4B-00C04F79EFBC}") = "04_10172", "04_10172\04_10172.csproj", "{E2F133FD-28E7-4D86-A4B9-D2945A790462}"
EndProject
Project("{FAE04EC0-301F-11D3-BF4B-00C04F79EFBC}") = "05_1000", "05_1000\05_1000.csproj", "{40DCC246-218C-4D00-8819-DFCB07256681}"
EndProject
Project("{FAE04EC0-301F-11D3-BF4B-00C04F79EFBC}") = "06_1001", "06_1001\06_1001.csproj", "{BFB6308F-B207-43E3-9206-AFE08EF99D26}"
EndProject
Project("{FAE04EC0-301F-11D3-BF4B-00C04F79EFBC}") = "07_10998", "07_10998\07_10998.csproj", "{1BDE48F6-DBF1-4FC8-A49A-431E552C7F95}"
EndProject
Project("{FAE04EC0-301F-11D3-BF4B-00C04F79EFBC}") = "08_1008", "08_1008\08_1008.csproj", "{BB11C6DC-54CE-4A73-BF03-FC31FBA080E5}"
EndProject
Project("{FAE04EC0-301F-11D3-BF4B-00C04F79EFBC}") = "09_10869", "09_10869\09_10869.csproj", "{6FD33602-0B03-4506-8720-D719246EE93B}"
EndProject
Project("{FAE04EC0-301F-11D3-BF4B-00C04F79EFBC}") = "10_10926", "10_10926\10_10926.csproj", "{96CE7D4E-A04D-4E9C-9692-7892DFABD56D}"
EndProject
Project("{FAE04EC0-301F-11D3-BF4B-00C04F79EFBC}") = "11_18108", "11_18108\11_18108.csproj", "{28607982-BA98-4D89-8FF4-E23BCF93968D}"
EndProject
Project("{FAE04EC0-301F-11D3-BF4B-00C04F79EFBC}") = "12_10430", "12_10430\12_10430.csproj", "{0E7E0D51-1AF5-4013-BE5E-0E6948205AE9}"
EndProject
Project("{FAE04EC0-301F-11D3-BF4B-00C04F79EFBC}") = "13_2588", "13_2588\13_2588.csproj", "{47950800-2D84-40C1-973A-4FFB16C3F4F4}"
EndProject
Project("{FAE04EC0-301F-11D3-BF4B-00C04F79EFBC}") = "14_25083", "14_25083\14_25083.csproj", "{739EF0A5-16A2-4DC6-A216-FEC1F8ABE22A}"
EndProject
Global
	GlobalSection(SolutionConfigurationPlatforms) = preSolution
		Debug|Any CPU = Debug|Any CPU
		Release|Any CPU = Release|Any CPU
	EndGlobalSection
	GlobalSection(ProjectConfigurationPlatforms) = postSolution
		{D20C43D9-6DC2-4F99-9273-376987B86782}.Debug|Any CPU.ActiveCfg = Debug|Any CPU
		{D20C43D9-6DC2-4F99-9273-376987B86782}.Debug|Any CPU.Build.0 = Debug|Any CPU
		{D20C43D9-6DC2-4F99-9273-376987B86782}.Release|Any CPU.ActiveCfg = Release|Any CPU
		{D20C43D9-6DC2-4F99-9273-376987B86782}.Release|Any CPU.Build.0 = Release|Any CPU
		{49FC651F-8659-4B8D-A8A6-51D5081C7D96}.Debug|Any CPU.ActiveCfg = Debug|Any CPU
		{49FC651F-8659-4B8D-A8A6-51D5081C7D96}.Debug|Any CPU.Build.0 = Debug|Any CPU
		{49FC651F-8659-4B8D-A8A6-51D5081C7D96}.Release|Any CPU.ActiveCfg = Release|Any CPU
		{49FC651F-8659-4B8D-A8A6-51D5081C7D96}.Release|Any CPU.Build.0 = Release|Any CPU
		{647D8B51-287E-4836-B92B-91050ADDC7FC}.Debug|Any CPU.ActiveCfg = Debug|Any CPU
		{647D8B51-287E-4836-B92B-91050ADDC7FC}.Debug|Any CPU.Build.0 = Debug|Any CPU
		{647D8B51-287E-4836-B92B-91050ADDC7FC}.Release|Any CPU.ActiveCfg = Release|Any CPU
		{647D8B51-287E-4836-B92B-91050ADDC7FC}.Release|Any CPU.Build.0 = Release|Any CPU
		{E2F133FD-28E7-4D86-A4B9-D2945A790462}.Debug|Any CPU.ActiveCfg = Debug|Any CPU
		{E2F133FD-28E7-4D86-A4B9-D2945A790462}.Debug|Any CPU.Build.0 = Debug|Any CPU
		{E2F133FD-28E7-4D86-A4B9-D2945A790462}.Release|Any CPU.ActiveCfg = Release|Any CPU
		{E2F133FD-28E7-4D86-A4B9-D2945A790462}.Release|Any CPU.Build.0 = Release|Any CPU
		{40DCC246-218C-4D00-8819-DFCB07256681}.Debug|Any CPU.ActiveCfg = Debug|Any CPU
		{40DCC246-218C-4D00-8819-DFCB07256681}.Debug|Any CPU.Build.0 = Debug|Any CPU
		{40DCC246-218C-4D00-8819-DFCB07256681}.Release|Any CPU.ActiveCfg = Release|Any CPU
		{40DCC246-218C-4D00-8819-DFCB07256681}.Release|Any CPU.Build.0 = Release|Any CPU
		{BFB6308F-B207-43E3-9206-AFE08EF99D26}.Debug|Any CPU.ActiveCfg = Debug|Any CPU
		{BFB6308F-B207-43E3-9206-AFE08EF99D26}.Debug|Any CPU.Build.0 = Debug|Any CPU
		{BFB6308F-B207-43E3-9206-AFE08EF99D26}.Release|Any CPU.ActiveCfg = Release|Any CPU
		{BFB6308F-B207-43E3-9206-AFE08EF99D26}.Release|Any CPU.Build.0 = Release|Any CPU
		{1BDE48F6-DBF1-4FC8-A49A-431E552C7F95}.Debug|Any CPU.ActiveCfg = Debug|Any CPU
		{1BDE48F6-DBF1-4FC8-A49A-431E552C7F95}.Debug|Any CPU.Build.0 = Debug|Any CPU
		{1BDE48F6-DBF1-4FC8-A49A-431E552C7F95}.Release|Any CPU.ActiveCfg = Release|Any CPU
		{1BDE48F6-DBF1-4FC8-A49A-431E552C7F95}.Release|Any CPU.Build.0 = Release|Any CPU
		{BB11C6DC-54CE-4A73-BF03-FC31FBA080E5}.Debug|Any CPU.ActiveCfg = Debug|Any CPU
		{BB11C6DC-54CE-4A73-BF03-FC31FBA080E5}.Debug|Any CPU.Build.0 = Debug|Any CPU
		{BB11C6DC-54CE-4A73-BF03-FC31FBA080E5}.Release|Any CPU.ActiveCfg = Release|Any CPU
		{BB11C6DC-54CE-4A73-BF03-FC31FBA080E5}.Release|Any CPU.Build.0 = Release|Any CPU
		{6FD33602-0B03-4506-8720-D719246EE93B}.Debug|Any CPU.ActiveCfg = Debug|Any CPU
		{6FD33602-0B03-4506-8720-D719246EE93B}.Debug|Any CPU.Build.0 = Debug|Any CPU
		{6FD33602-0B03-4506-8720-D719246EE93B}.Release|Any CPU.ActiveCfg = Release|Any CPU
		{6FD33602-0B03-4506-8720-D719246EE93B}.Release|Any CPU.Build.0 = Release|Any CPU
		{96CE7D4E-A04D-4E9C-9692-7892DFABD56D}.Debug|Any CPU.ActiveCfg = Debug|Any CPU
		{96CE7D4E-A04D-4E9C-9692-7892DFABD56D}.Debug|Any CPU.Build.0 = Debug|Any CPU
		{96CE7D4E-A04D-4E9C-9692-7892DFABD56D}.Release|Any CPU.ActiveCfg = Release|Any CPU
		{96CE7D4E-A04D-4E9C-9692-7892DFABD56D}.Release|Any CPU.Build.0 = Release|Any CPU
		{28607982-BA98-4D89-8FF4-E23BCF93968D}.Debug|Any CPU.ActiveCfg = Debug|Any CPU
		{28607982-BA98-4D89-8FF4-E23BCF93968D}.Debug|Any CPU.Build.0 = Debug|Any CPU
		{28607982-BA98-4D89-8FF4-E23BCF93968D}.Release|Any CPU.ActiveCfg = Release|Any CPU
		{28607982-BA98-4D89-8FF4-E23BCF93968D}.Release|Any CPU.Build.0 = Release|Any CPU
		{0E7E0D51-1AF5-4013-BE5E-0E6948205AE9}.Debug|Any CPU.ActiveCfg = Debug|Any CPU
		{0E7E0D51-1AF5-4013-BE5E-0E6948205AE9}.Debug|Any CPU.Build.0 = Debug|Any CPU
		{0E7E0D51-1AF5-4013-BE5E-0E6948205AE9}.Release|Any CPU.ActiveCfg = Release|Any CPU
		{0E7E0D51-1AF5-4013-BE5E-0E6948205AE9}.Release|Any CPU.Build.0 = Release|Any CPU
		{47950800-2D84-40C1-973A-4FFB16C3F4F4}.Debug|Any CPU.ActiveCfg = Debug|Any CPU
		{47950800-2D84-40C1-973A-4FFB16C3F4F4}.Debug|Any CPU.Build.0 = Debug|Any CPU
		{47950800-2D84-40C1-973A-4FFB16C3F4F4}.Release|Any CPU.ActiveCfg = Release|Any CPU
		{47950800-2D84-40C1-973A-4FFB16C3F4F4}.Release|Any CPU.Build.0 = Release|Any CPU
		{739EF0A5-16A2-4DC6-A216-FEC1F8ABE22A}.Debug|Any CPU.ActiveCfg = Debug|Any CPU
		{739EF0A5-16A2-4DC6-A216-FEC1F8ABE22A}.Debug|Any CPU.Build.0 = Debug|Any CPU
		{739EF0A5-16A2-4DC6-A216-FEC1F8ABE22A}.Release|Any CPU.ActiveCfg = Release|Any CPU
		{739EF0A5-16A2-4DC6-A216-FEC1F8ABE22A}.Release|Any CPU.Build.0 = Release|Any CPU
	EndGlobalSection
	GlobalSection(SolutionProperties) = preSolution
		HideSolutionNode = FALSE
	EndGlobalSection
	GlobalSection(ExtensibilityGlobals) = postSolution
		SolutionGuid = {0222B095-FC37-4337-9E92-BBBF89AA5098}
	EndGlobalSection
EndGlobal
