
Microsoft Visual Studio Solution File, Format Version 12.00
# Visual Studio Version 17
VisualStudioVersion = 17.2.32526.322
MinimumVisualStudioVersion = 10.0.40219.1
Project("{FAE04EC0-301F-11D3-BF4B-00C04F79EFBC}") = "02_01_1330", "02_01_1330\02_01_1330.csproj", "{BEC77E61-6406-485D-9571-FEF29AF8CDAF}"
EndProject
Project("{FAE04EC0-301F-11D3-BF4B-00C04F79EFBC}") = "02_02_9498", "02_02_9498\02_02_9498.csproj", "{1885BAC9-56C4-4A38-8DC3-D7DE13B4772E}"
EndProject
Project("{FAE04EC0-301F-11D3-BF4B-00C04F79EFBC}") = "02_03_2753", "02_03_2753\02_03_2753.csproj", "{E819F537-25C3-4D87-B30A-8EE1218D0DDD}"
EndProject
Project("{FAE04EC0-301F-11D3-BF4B-00C04F79EFBC}") = "02_04_14681", "02_04_14681\02_04_14681.csproj", "{8E0FC073-FF19-49AF-9A20-1807D60A6B6F}"
EndProject
Project("{FAE04EC0-301F-11D3-BF4B-00C04F79EFBC}") = "02_05_2884_01", "02_05_2884_01\02_05_2884_01.csproj", "{7ED05921-8188-48F1-B368-081FF335944E}"
EndProject
Project("{FAE04EC0-301F-11D3-BF4B-00C04F79EFBC}") = "02_05_2884_02", "02_05_2884_02\02_05_2884_02.csproj", "{3CE1865E-012E-41DA-A5DC-8928DCDFCD16}"
EndProject
Project("{FAE04EC0-301F-11D3-BF4B-00C04F79EFBC}") = "02_06_2525_01", "02_06_2525_01\02_06_2525_01.csproj", "{6C9A838A-6EED-4B60-A1F0-3A5992AAFD8A}"
EndProject
Project("{FAE04EC0-301F-11D3-BF4B-00C04F79EFBC}") = "02_06_2525_02", "02_06_2525_02\02_06_2525_02.csproj", "{738AA7BF-2304-4D21-B607-81A478E711B7}"
EndProject
Global
	GlobalSection(SolutionConfigurationPlatforms) = preSolution
		Debug|Any CPU = Debug|Any CPU
		Release|Any CPU = Release|Any CPU
	EndGlobalSection
	GlobalSection(ProjectConfigurationPlatforms) = postSolution
		{BEC77E61-6406-485D-9571-FEF29AF8CDAF}.Debug|Any CPU.ActiveCfg = Debug|Any CPU
		{BEC77E61-6406-485D-9571-FEF29AF8CDAF}.Debug|Any CPU.Build.0 = Debug|Any CPU
		{BEC77E61-6406-485D-9571-FEF29AF8CDAF}.Release|Any CPU.ActiveCfg = Release|Any CPU
		{BEC77E61-6406-485D-9571-FEF29AF8CDAF}.Release|Any CPU.Build.0 = Release|Any CPU
		{1885BAC9-56C4-4A38-8DC3-D7DE13B4772E}.Debug|Any CPU.ActiveCfg = Debug|Any CPU
		{1885BAC9-56C4-4A38-8DC3-D7DE13B4772E}.Debug|Any CPU.Build.0 = Debug|Any CPU
		{1885BAC9-56C4-4A38-8DC3-D7DE13B4772E}.Release|Any CPU.ActiveCfg = Release|Any CPU
		{1885BAC9-56C4-4A38-8DC3-D7DE13B4772E}.Release|Any CPU.Build.0 = Release|Any CPU
		{E819F537-25C3-4D87-B30A-8EE1218D0DDD}.Debug|Any CPU.ActiveCfg = Debug|Any CPU
		{E819F537-25C3-4D87-B30A-8EE1218D0DDD}.Debug|Any CPU.Build.0 = Debug|Any CPU
		{E819F537-25C3-4D87-B30A-8EE1218D0DDD}.Release|Any CPU.ActiveCfg = Release|Any CPU
		{E819F537-25C3-4D87-B30A-8EE1218D0DDD}.Release|Any CPU.Build.0 = Release|Any CPU
		{8E0FC073-FF19-49AF-9A20-1807D60A6B6F}.Debug|Any CPU.ActiveCfg = Debug|Any CPU
		{8E0FC073-FF19-49AF-9A20-1807D60A6B6F}.Debug|Any CPU.Build.0 = Debug|Any CPU
		{8E0FC073-FF19-49AF-9A20-1807D60A6B6F}.Release|Any CPU.ActiveCfg = Release|Any CPU
		{8E0FC073-FF19-49AF-9A20-1807D60A6B6F}.Release|Any CPU.Build.0 = Release|Any CPU
		{7ED05921-8188-48F1-B368-081FF335944E}.Debug|Any CPU.ActiveCfg = Debug|Any CPU
		{7ED05921-8188-48F1-B368-081FF335944E}.Debug|Any CPU.Build.0 = Debug|Any CPU
		{7ED05921-8188-48F1-B368-081FF335944E}.Release|Any CPU.ActiveCfg = Release|Any CPU
		{7ED05921-8188-48F1-B368-081FF335944E}.Release|Any CPU.Build.0 = Release|Any CPU
		{3CE1865E-012E-41DA-A5DC-8928DCDFCD16}.Debug|Any CPU.ActiveCfg = Debug|Any CPU
		{3CE1865E-012E-41DA-A5DC-8928DCDFCD16}.Debug|Any CPU.Build.0 = Debug|Any CPU
		{3CE1865E-012E-41DA-A5DC-8928DCDFCD16}.Release|Any CPU.ActiveCfg = Release|Any CPU
		{3CE1865E-012E-41DA-A5DC-8928DCDFCD16}.Release|Any CPU.Build.0 = Release|Any CPU
		{6C9A838A-6EED-4B60-A1F0-3A5992AAFD8A}.Debug|Any CPU.ActiveCfg = Debug|Any CPU
		{6C9A838A-6EED-4B60-A1F0-3A5992AAFD8A}.Debug|Any CPU.Build.0 = Debug|Any CPU
		{6C9A838A-6EED-4B60-A1F0-3A5992AAFD8A}.Release|Any CPU.ActiveCfg = Release|Any CPU
		{6C9A838A-6EED-4B60-A1F0-3A5992AAFD8A}.Release|Any CPU.Build.0 = Release|Any CPU
		{738AA7BF-2304-4D21-B607-81A478E711B7}.Debug|Any CPU.ActiveCfg = Debug|Any CPU
		{738AA7BF-2304-4D21-B607-81A478E711B7}.Debug|Any CPU.Build.0 = Debug|Any CPU
		{738AA7BF-2304-4D21-B607-81A478E711B7}.Release|Any CPU.ActiveCfg = Release|Any CPU
		{738AA7BF-2304-4D21-B607-81A478E711B7}.Release|Any CPU.Build.0 = Release|Any CPU
	EndGlobalSection
	GlobalSection(SolutionProperties) = preSolution
		HideSolutionNode = FALSE
	EndGlobalSection
	GlobalSection(ExtensibilityGlobals) = postSolution
		SolutionGuid = {AA54E197-0050-40B3-B197-6E1CBAC1A765}
	EndGlobalSection
EndGlobal
