
Microsoft Visual Studio Solution File, Format Version 12.00
# Visual Studio Version 17
VisualStudioVersion = 17.2.32526.322
MinimumVisualStudioVersion = 10.0.40219.1
Project("{FAE04EC0-301F-11D3-BF4B-00C04F79EFBC}") = "02_01_1330", "02_01_1330\02_01_1330.csproj", "{BEC77E61-6406-485D-9571-FEF29AF8CDAF}"
EndProject
Project("{FAE04EC0-301F-11D3-BF4B-00C04F79EFBC}") = "02_02_9498", "02_02_9498\02_02_9498.csproj", "{1885BAC9-56C4-4A38-8DC3-D7DE13B4772E}"
EndProject
Project("{FAE04EC0-301F-11D3-BF4B-00C04F79EFBC}") = "02_03_2753", "02_03_2753\02_03_2753.csproj", "{E819F537-25C3-4D87-B30A-8EE1218D0DDD}"
EndProject
Project("{FAE04EC0-301F-11D3-BF4B-00C04F79EFBC}") = "02_04_14681", "02_04_14681\02_04_14681.csproj", "{8E0FC073-FF19-49AF-9A20-1807D60A6B6F}"
EndProject
Project("{FAE04EC0-301F-11D3-BF4B-00C04F79EFBC}") = "02_05_2884_01", "02_05_2884_01\02_05_2884_01.csproj", "{7ED05921-8188-48F1-B368-081FF335944E}"
EndProject
Project("{FAE04EC0-301F-11D3-BF4B-00C04F79EFBC}") = "02_05_2884_02", "02_05_2884_02\02_05_2884_02.csproj", "{3CE1865E-012E-41DA-A5DC-8928DCDFCD16}"
EndProject
Project("{FAE04EC0-301F-11D3-BF4B-00C04F79EFBC}") = "02_06_2525_01", "02_06_2525_01\02_06_2525_01.csproj", "{6C9A838A-6EED-4B60-A1F0-3A5992AAFD8A}"
EndProject
Project("{FAE04EC0-301F-11D3-BF4B-00C04F79EFBC}") = "02_06_2525_02", "02_06_2525_02\02_06_2525_02.csproj", "{738AA7BF-2304-4D21-B607-81A478E711B7}"
EndProject
Project("{FAE04EC0-301F-11D3-BF4B-00C04F79EFBC}") = "1271", "1271\1271.csproj", "{31D1E8CF-8415-4D94-8C2D-A7D24D2DD546}"
EndProject
Project("{FAE04EC0-301F-11D3-BF4B-00C04F79EFBC}") = "2440", "2440\2440.csproj", "{E121FD18-3ED3-42BA-B364-D23DEDF3F991}"
EndProject
Project("{FAE04EC0-301F-11D3-BF4B-00C04F79EFBC}") = "2475", "2475\2475.csproj", "{AD7FF047-F9C3-46C4-84C2-24F179D806C4}"
EndProject
Project("{FAE04EC0-301F-11D3-BF4B-00C04F79EFBC}") = "2530", "2530\2530.csproj", "{903F8FFE-BFAE-4340-A894-A287A155BAF1}"
EndProject
Project("{FAE04EC0-301F-11D3-BF4B-00C04F79EFBC}") = "2420", "2420\2420.csproj", "{B030E3B2-7B8D-4DCD-AAFE-C2DE39D89AEE}"
EndProject
Project("{FAE04EC0-301F-11D3-BF4B-00C04F79EFBC}") = "2744", "2744\2744.csproj", "{1D1D6BF1-32AC-4E0C-8655-5B2D52BDE71B}"
EndProject
Project("{FAE04EC0-301F-11D3-BF4B-00C04F79EFBC}") = "2743", "2743\2743.csproj", "{C16AC87C-7535-4BED-9A31-459859400885}"
EndProject
Project("{FAE04EC0-301F-11D3-BF4B-00C04F79EFBC}") = "2558", "2558\2558.csproj", "{0EFF8F65-BE38-45F9-A782-31B1125CEC91}"
EndProject
Project("{FAE04EC0-301F-11D3-BF4B-00C04F79EFBC}") = "2738", "2738\2738.csproj", "{07EFA60A-A2CC-4C0B-B647-7FD6B94080C1}"
EndProject
Project("{FAE04EC0-301F-11D3-BF4B-00C04F79EFBC}") = "2754", "2754\2754.csproj", "{190CA85E-0585-402F-9A7C-1234B5283A97}"
EndProject
Project("{FAE04EC0-301F-11D3-BF4B-00C04F79EFBC}") = "3003", "3003\3003.csproj", "{785312E1-6041-4D26-A3D1-0E47F6EA54B1}"
EndProject
Project("{FAE04EC0-301F-11D3-BF4B-00C04F79EFBC}") = "4101", "4101\4101.csproj", "{5874A512-EC27-4FD7-8A18-08A18B04F05C}"
EndProject
Project("{FAE04EC0-301F-11D3-BF4B-00C04F79EFBC}") = "4999", "4999\4999.csproj", "{7C598904-2B3C-4D9F-912E-FFAB7DD636F9}"
EndProject
Project("{FAE04EC0-301F-11D3-BF4B-00C04F79EFBC}") = "5522", "5522\5522.csproj", "{319A2162-8A70-4A31-A3F4-AB188F16C794}"
EndProject
Project("{FAE04EC0-301F-11D3-BF4B-00C04F79EFBC}") = "10807", "10807\10807.csproj", "{F280EB6F-E450-45C7-A5D8-7438A89C9BEC}"
EndProject
Project("{FAE04EC0-301F-11D3-BF4B-00C04F79EFBC}") = "10872", "10872\10872.csproj", "{8CA91875-75E0-4BB2-8E28-4A56392CEFED}"
EndProject
Project("{FAE04EC0-301F-11D3-BF4B-00C04F79EFBC}") = "11382", "11382\11382.csproj", "{2FDD9AC8-4EA7-4E43-9347-B2013850EA19}"
EndProject
Project("{FAE04EC0-301F-11D3-BF4B-00C04F79EFBC}") = "11718", "11718\11718.csproj", "{E02F1FE0-892C-40AE-8F90-3B0F6480C785}"
EndProject
Project("{FAE04EC0-301F-11D3-BF4B-00C04F79EFBC}") = "11942", "11942\11942.csproj", "{36E77DEE-6133-43E7-9BF6-A7B07C493EE4}"
EndProject
Project("{FAE04EC0-301F-11D3-BF4B-00C04F79EFBC}") = "14645", "14645\14645.csproj", "{ABD1E4CA-53A4-4724-8A7F-228F91E77D67}"
EndProject
Project("{FAE04EC0-301F-11D3-BF4B-00C04F79EFBC}") = "14652", "14652\14652.csproj", "{D8B0E998-DC52-4B26-A319-B9D587C98667}"
EndProject
Project("{FAE04EC0-301F-11D3-BF4B-00C04F79EFBC}") = "11654", "11654\11654.csproj", "{96B74B11-A547-4106-B5C4-2AF2DDD19A0B}"
EndProject
Project("{FAE04EC0-301F-11D3-BF4B-00C04F79EFBC}") = "13277", "13277\13277.csproj", "{064AD450-F0B5-460F-8EC8-B10FA0F00770}"
EndProject
Global
	GlobalSection(SolutionConfigurationPlatforms) = preSolution
		Debug|Any CPU = Debug|Any CPU
		Release|Any CPU = Release|Any CPU
	EndGlobalSection
	GlobalSection(ProjectConfigurationPlatforms) = postSolution
		{BEC77E61-6406-485D-9571-FEF29AF8CDAF}.Debug|Any CPU.ActiveCfg = Debug|Any CPU
		{BEC77E61-6406-485D-9571-FEF29AF8CDAF}.Debug|Any CPU.Build.0 = Debug|Any CPU
		{BEC77E61-6406-485D-9571-FEF29AF8CDAF}.Release|Any CPU.ActiveCfg = Release|Any CPU
		{BEC77E61-6406-485D-9571-FEF29AF8CDAF}.Release|Any CPU.Build.0 = Release|Any CPU
		{1885BAC9-56C4-4A38-8DC3-D7DE13B4772E}.Debug|Any CPU.ActiveCfg = Debug|Any CPU
		{1885BAC9-56C4-4A38-8DC3-D7DE13B4772E}.Debug|Any CPU.Build.0 = Debug|Any CPU
		{1885BAC9-56C4-4A38-8DC3-D7DE13B4772E}.Release|Any CPU.ActiveCfg = Release|Any CPU
		{1885BAC9-56C4-4A38-8DC3-D7DE13B4772E}.Release|Any CPU.Build.0 = Release|Any CPU
		{E819F537-25C3-4D87-B30A-8EE1218D0DDD}.Debug|Any CPU.ActiveCfg = Debug|Any CPU
		{E819F537-25C3-4D87-B30A-8EE1218D0DDD}.Debug|Any CPU.Build.0 = Debug|Any CPU
		{E819F537-25C3-4D87-B30A-8EE1218D0DDD}.Release|Any CPU.ActiveCfg = Release|Any CPU
		{E819F537-25C3-4D87-B30A-8EE1218D0DDD}.Release|Any CPU.Build.0 = Release|Any CPU
		{8E0FC073-FF19-49AF-9A20-1807D60A6B6F}.Debug|Any CPU.ActiveCfg = Debug|Any CPU
		{8E0FC073-FF19-49AF-9A20-1807D60A6B6F}.Debug|Any CPU.Build.0 = Debug|Any CPU
		{8E0FC073-FF19-49AF-9A20-1807D60A6B6F}.Release|Any CPU.ActiveCfg = Release|Any CPU
		{8E0FC073-FF19-49AF-9A20-1807D60A6B6F}.Release|Any CPU.Build.0 = Release|Any CPU
		{7ED05921-8188-48F1-B368-081FF335944E}.Debug|Any CPU.ActiveCfg = Debug|Any CPU
		{7ED05921-8188-48F1-B368-081FF335944E}.Debug|Any CPU.Build.0 = Debug|Any CPU
		{7ED05921-8188-48F1-B368-081FF335944E}.Release|Any CPU.ActiveCfg = Release|Any CPU
		{7ED05921-8188-48F1-B368-081FF335944E}.Release|Any CPU.Build.0 = Release|Any CPU
		{3CE1865E-012E-41DA-A5DC-8928DCDFCD16}.Debug|Any CPU.ActiveCfg = Debug|Any CPU
		{3CE1865E-012E-41DA-A5DC-8928DCDFCD16}.Debug|Any CPU.Build.0 = Debug|Any CPU
		{3CE1865E-012E-41DA-A5DC-8928DCDFCD16}.Release|Any CPU.ActiveCfg = Release|Any CPU
		{3CE1865E-012E-41DA-A5DC-8928DCDFCD16}.Release|Any CPU.Build.0 = Release|Any CPU
		{6C9A838A-6EED-4B60-A1F0-3A5992AAFD8A}.Debug|Any CPU.ActiveCfg = Debug|Any CPU
		{6C9A838A-6EED-4B60-A1F0-3A5992AAFD8A}.Debug|Any CPU.Build.0 = Debug|Any CPU
		{6C9A838A-6EED-4B60-A1F0-3A5992AAFD8A}.Release|Any CPU.ActiveCfg = Release|Any CPU
		{6C9A838A-6EED-4B60-A1F0-3A5992AAFD8A}.Release|Any CPU.Build.0 = Release|Any CPU
		{738AA7BF-2304-4D21-B607-81A478E711B7}.Debug|Any CPU.ActiveCfg = Debug|Any CPU
		{738AA7BF-2304-4D21-B607-81A478E711B7}.Debug|Any CPU.Build.0 = Debug|Any CPU
		{738AA7BF-2304-4D21-B607-81A478E711B7}.Release|Any CPU.ActiveCfg = Release|Any CPU
		{738AA7BF-2304-4D21-B607-81A478E711B7}.Release|Any CPU.Build.0 = Release|Any CPU
		{31D1E8CF-8415-4D94-8C2D-A7D24D2DD546}.Debug|Any CPU.ActiveCfg = Debug|Any CPU
		{31D1E8CF-8415-4D94-8C2D-A7D24D2DD546}.Debug|Any CPU.Build.0 = Debug|Any CPU
		{31D1E8CF-8415-4D94-8C2D-A7D24D2DD546}.Release|Any CPU.ActiveCfg = Release|Any CPU
		{31D1E8CF-8415-4D94-8C2D-A7D24D2DD546}.Release|Any CPU.Build.0 = Release|Any CPU
		{E121FD18-3ED3-42BA-B364-D23DEDF3F991}.Debug|Any CPU.ActiveCfg = Debug|Any CPU
		{E121FD18-3ED3-42BA-B364-D23DEDF3F991}.Debug|Any CPU.Build.0 = Debug|Any CPU
		{E121FD18-3ED3-42BA-B364-D23DEDF3F991}.Release|Any CPU.ActiveCfg = Release|Any CPU
		{E121FD18-3ED3-42BA-B364-D23DEDF3F991}.Release|Any CPU.Build.0 = Release|Any CPU
		{AD7FF047-F9C3-46C4-84C2-24F179D806C4}.Debug|Any CPU.ActiveCfg = Debug|Any CPU
		{AD7FF047-F9C3-46C4-84C2-24F179D806C4}.Debug|Any CPU.Build.0 = Debug|Any CPU
		{AD7FF047-F9C3-46C4-84C2-24F179D806C4}.Release|Any CPU.ActiveCfg = Release|Any CPU
		{AD7FF047-F9C3-46C4-84C2-24F179D806C4}.Release|Any CPU.Build.0 = Release|Any CPU
		{903F8FFE-BFAE-4340-A894-A287A155BAF1}.Debug|Any CPU.ActiveCfg = Debug|Any CPU
		{903F8FFE-BFAE-4340-A894-A287A155BAF1}.Debug|Any CPU.Build.0 = Debug|Any CPU
		{903F8FFE-BFAE-4340-A894-A287A155BAF1}.Release|Any CPU.ActiveCfg = Release|Any CPU
		{903F8FFE-BFAE-4340-A894-A287A155BAF1}.Release|Any CPU.Build.0 = Release|Any CPU
		{B030E3B2-7B8D-4DCD-AAFE-C2DE39D89AEE}.Debug|Any CPU.ActiveCfg = Debug|Any CPU
		{B030E3B2-7B8D-4DCD-AAFE-C2DE39D89AEE}.Debug|Any CPU.Build.0 = Debug|Any CPU
		{B030E3B2-7B8D-4DCD-AAFE-C2DE39D89AEE}.Release|Any CPU.ActiveCfg = Release|Any CPU
		{B030E3B2-7B8D-4DCD-AAFE-C2DE39D89AEE}.Release|Any CPU.Build.0 = Release|Any CPU
		{1D1D6BF1-32AC-4E0C-8655-5B2D52BDE71B}.Debug|Any CPU.ActiveCfg = Debug|Any CPU
		{1D1D6BF1-32AC-4E0C-8655-5B2D52BDE71B}.Debug|Any CPU.Build.0 = Debug|Any CPU
		{1D1D6BF1-32AC-4E0C-8655-5B2D52BDE71B}.Release|Any CPU.ActiveCfg = Release|Any CPU
		{1D1D6BF1-32AC-4E0C-8655-5B2D52BDE71B}.Release|Any CPU.Build.0 = Release|Any CPU
		{C16AC87C-7535-4BED-9A31-459859400885}.Debug|Any CPU.ActiveCfg = Debug|Any CPU
		{C16AC87C-7535-4BED-9A31-459859400885}.Debug|Any CPU.Build.0 = Debug|Any CPU
		{C16AC87C-7535-4BED-9A31-459859400885}.Release|Any CPU.ActiveCfg = Release|Any CPU
		{C16AC87C-7535-4BED-9A31-459859400885}.Release|Any CPU.Build.0 = Release|Any CPU
		{0EFF8F65-BE38-45F9-A782-31B1125CEC91}.Debug|Any CPU.ActiveCfg = Debug|Any CPU
		{0EFF8F65-BE38-45F9-A782-31B1125CEC91}.Debug|Any CPU.Build.0 = Debug|Any CPU
		{0EFF8F65-BE38-45F9-A782-31B1125CEC91}.Release|Any CPU.ActiveCfg = Release|Any CPU
		{0EFF8F65-BE38-45F9-A782-31B1125CEC91}.Release|Any CPU.Build.0 = Release|Any CPU
		{07EFA60A-A2CC-4C0B-B647-7FD6B94080C1}.Debug|Any CPU.ActiveCfg = Debug|Any CPU
		{07EFA60A-A2CC-4C0B-B647-7FD6B94080C1}.Debug|Any CPU.Build.0 = Debug|Any CPU
		{07EFA60A-A2CC-4C0B-B647-7FD6B94080C1}.Release|Any CPU.ActiveCfg = Release|Any CPU
		{07EFA60A-A2CC-4C0B-B647-7FD6B94080C1}.Release|Any CPU.Build.0 = Release|Any CPU
		{190CA85E-0585-402F-9A7C-1234B5283A97}.Debug|Any CPU.ActiveCfg = Debug|Any CPU
		{190CA85E-0585-402F-9A7C-1234B5283A97}.Debug|Any CPU.Build.0 = Debug|Any CPU
		{190CA85E-0585-402F-9A7C-1234B5283A97}.Release|Any CPU.ActiveCfg = Release|Any CPU
		{190CA85E-0585-402F-9A7C-1234B5283A97}.Release|Any CPU.Build.0 = Release|Any CPU
		{785312E1-6041-4D26-A3D1-0E47F6EA54B1}.Debug|Any CPU.ActiveCfg = Debug|Any CPU
		{785312E1-6041-4D26-A3D1-0E47F6EA54B1}.Debug|Any CPU.Build.0 = Debug|Any CPU
		{785312E1-6041-4D26-A3D1-0E47F6EA54B1}.Release|Any CPU.ActiveCfg = Release|Any CPU
		{785312E1-6041-4D26-A3D1-0E47F6EA54B1}.Release|Any CPU.Build.0 = Release|Any CPU
		{5874A512-EC27-4FD7-8A18-08A18B04F05C}.Debug|Any CPU.ActiveCfg = Debug|Any CPU
		{5874A512-EC27-4FD7-8A18-08A18B04F05C}.Debug|Any CPU.Build.0 = Debug|Any CPU
		{5874A512-EC27-4FD7-8A18-08A18B04F05C}.Release|Any CPU.ActiveCfg = Release|Any CPU
		{5874A512-EC27-4FD7-8A18-08A18B04F05C}.Release|Any CPU.Build.0 = Release|Any CPU
		{7C598904-2B3C-4D9F-912E-FFAB7DD636F9}.Debug|Any CPU.ActiveCfg = Debug|Any CPU
		{7C598904-2B3C-4D9F-912E-FFAB7DD636F9}.Debug|Any CPU.Build.0 = Debug|Any CPU
		{7C598904-2B3C-4D9F-912E-FFAB7DD636F9}.Release|Any CPU.ActiveCfg = Release|Any CPU
		{7C598904-2B3C-4D9F-912E-FFAB7DD636F9}.Release|Any CPU.Build.0 = Release|Any CPU
		{319A2162-8A70-4A31-A3F4-AB188F16C794}.Debug|Any CPU.ActiveCfg = Debug|Any CPU
		{319A2162-8A70-4A31-A3F4-AB188F16C794}.Debug|Any CPU.Build.0 = Debug|Any CPU
		{319A2162-8A70-4A31-A3F4-AB188F16C794}.Release|Any CPU.ActiveCfg = Release|Any CPU
		{319A2162-8A70-4A31-A3F4-AB188F16C794}.Release|Any CPU.Build.0 = Release|Any CPU
		{F280EB6F-E450-45C7-A5D8-7438A89C9BEC}.Debug|Any CPU.ActiveCfg = Debug|Any CPU
		{F280EB6F-E450-45C7-A5D8-7438A89C9BEC}.Debug|Any CPU.Build.0 = Debug|Any CPU
		{F280EB6F-E450-45C7-A5D8-7438A89C9BEC}.Release|Any CPU.ActiveCfg = Release|Any CPU
		{F280EB6F-E450-45C7-A5D8-7438A89C9BEC}.Release|Any CPU.Build.0 = Release|Any CPU
		{8CA91875-75E0-4BB2-8E28-4A56392CEFED}.Debug|Any CPU.ActiveCfg = Debug|Any CPU
		{8CA91875-75E0-4BB2-8E28-4A56392CEFED}.Debug|Any CPU.Build.0 = Debug|Any CPU
		{8CA91875-75E0-4BB2-8E28-4A56392CEFED}.Release|Any CPU.ActiveCfg = Release|Any CPU
		{8CA91875-75E0-4BB2-8E28-4A56392CEFED}.Release|Any CPU.Build.0 = Release|Any CPU
		{2FDD9AC8-4EA7-4E43-9347-B2013850EA19}.Debug|Any CPU.ActiveCfg = Debug|Any CPU
		{2FDD9AC8-4EA7-4E43-9347-B2013850EA19}.Debug|Any CPU.Build.0 = Debug|Any CPU
		{2FDD9AC8-4EA7-4E43-9347-B2013850EA19}.Release|Any CPU.ActiveCfg = Release|Any CPU
		{2FDD9AC8-4EA7-4E43-9347-B2013850EA19}.Release|Any CPU.Build.0 = Release|Any CPU
		{E02F1FE0-892C-40AE-8F90-3B0F6480C785}.Debug|Any CPU.ActiveCfg = Debug|Any CPU
		{E02F1FE0-892C-40AE-8F90-3B0F6480C785}.Debug|Any CPU.Build.0 = Debug|Any CPU
		{E02F1FE0-892C-40AE-8F90-3B0F6480C785}.Release|Any CPU.ActiveCfg = Release|Any CPU
		{E02F1FE0-892C-40AE-8F90-3B0F6480C785}.Release|Any CPU.Build.0 = Release|Any CPU
		{36E77DEE-6133-43E7-9BF6-A7B07C493EE4}.Debug|Any CPU.ActiveCfg = Debug|Any CPU
		{36E77DEE-6133-43E7-9BF6-A7B07C493EE4}.Debug|Any CPU.Build.0 = Debug|Any CPU
		{36E77DEE-6133-43E7-9BF6-A7B07C493EE4}.Release|Any CPU.ActiveCfg = Release|Any CPU
		{36E77DEE-6133-43E7-9BF6-A7B07C493EE4}.Release|Any CPU.Build.0 = Release|Any CPU
		{ABD1E4CA-53A4-4724-8A7F-228F91E77D67}.Debug|Any CPU.ActiveCfg = Debug|Any CPU
		{ABD1E4CA-53A4-4724-8A7F-228F91E77D67}.Debug|Any CPU.Build.0 = Debug|Any CPU
		{ABD1E4CA-53A4-4724-8A7F-228F91E77D67}.Release|Any CPU.ActiveCfg = Release|Any CPU
		{ABD1E4CA-53A4-4724-8A7F-228F91E77D67}.Release|Any CPU.Build.0 = Release|Any CPU
		{D8B0E998-DC52-4B26-A319-B9D587C98667}.Debug|Any CPU.ActiveCfg = Debug|Any CPU
		{D8B0E998-DC52-4B26-A319-B9D587C98667}.Debug|Any CPU.Build.0 = Debug|Any CPU
		{D8B0E998-DC52-4B26-A319-B9D587C98667}.Release|Any CPU.ActiveCfg = Release|Any CPU
		{D8B0E998-DC52-4B26-A319-B9D587C98667}.Release|Any CPU.Build.0 = Release|Any CPU
		{96B74B11-A547-4106-B5C4-2AF2DDD19A0B}.Debug|Any CPU.ActiveCfg = Debug|Any CPU
		{96B74B11-A547-4106-B5C4-2AF2DDD19A0B}.Debug|Any CPU.Build.0 = Debug|Any CPU
		{96B74B11-A547-4106-B5C4-2AF2DDD19A0B}.Release|Any CPU.ActiveCfg = Release|Any CPU
		{96B74B11-A547-4106-B5C4-2AF2DDD19A0B}.Release|Any CPU.Build.0 = Release|Any CPU
		{064AD450-F0B5-460F-8EC8-B10FA0F00770}.Debug|Any CPU.ActiveCfg = Debug|Any CPU
		{064AD450-F0B5-460F-8EC8-B10FA0F00770}.Debug|Any CPU.Build.0 = Debug|Any CPU
		{064AD450-F0B5-460F-8EC8-B10FA0F00770}.Release|Any CPU.ActiveCfg = Release|Any CPU
		{064AD450-F0B5-460F-8EC8-B10FA0F00770}.Release|Any CPU.Build.0 = Release|Any CPU
	EndGlobalSection
	GlobalSection(SolutionProperties) = preSolution
		HideSolutionNode = FALSE
	EndGlobalSection
	GlobalSection(ExtensibilityGlobals) = postSolution
		SolutionGuid = {AA54E197-0050-40B3-B197-6E1CBAC1A765}
	EndGlobalSection
EndGlobal
